{
  "name": "dropwizard-mustache-gov-uk",
  "version": "1.0.0",
  "lockfileVersion": 1,
  "requires": true,
  "dependencies": {
    "govuk_template_mustache": {
      "version": "0.23.0",
      "resolved": "https://registry.npmjs.org/govuk_template_mustache/-/govuk_template_mustache-0.23.0.tgz",
      "integrity": "sha1-OEr65LJXLPSLqKClYhLxw9jBXys="
    }
  }
}
